
Microsoft Visual Studio Solution File, Format Version 12.00
# Visual Studio 15
VisualStudioVersion = 15.0.28307.489
MinimumVisualStudioVersion = 10.0.40219.1
Project("{FAE04EC0-301F-11D3-BF4B-00C04F79EFBC}") = "SplashScreen.Android", "SplashScreen\SplashScreen.Android\SplashScreen.Android.csproj", "{F5559774-98CA-447C-B3CD-6542F921B3AA}"
EndProject
Project("{FAE04EC0-301F-11D3-BF4B-00C04F79EFBC}") = "SplashScreen.iOS", "SplashScreen\SplashScreen.iOS\SplashScreen.iOS.csproj", "{1C94CD81-1684-4DB8-8EDF-49869E4F7B08}"
EndProject
Project("{9A19103F-16F7-4668-BE54-9A1E7A4F7556}") = "SplashScreen", "SplashScreen\SplashScreen\SplashScreen.csproj", "{9D242093-844D-4C5A-A9AD-DFE043271428}"
EndProject
Global
	GlobalSection(SolutionConfigurationPlatforms) = preSolution
		Ad-Hoc|Any CPU = Ad-Hoc|Any CPU
		Ad-Hoc|iPhone = Ad-Hoc|iPhone
		Ad-Hoc|iPhoneSimulator = Ad-Hoc|iPhoneSimulator
		AppStore|Any CPU = AppStore|Any CPU
		AppStore|iPhone = AppStore|iPhone
		AppStore|iPhoneSimulator = AppStore|iPhoneSimulator
		Debug|Any CPU = Debug|Any CPU
		Debug|iPhone = Debug|iPhone
		Debug|iPhoneSimulator = Debug|iPhoneSimulator
		Release|Any CPU = Release|Any CPU
		Release|iPhone = Release|iPhone
		Release|iPhoneSimulator = Release|iPhoneSimulator
	EndGlobalSection
	GlobalSection(ProjectConfigurationPlatforms) = postSolution
		{F5559774-98CA-447C-B3CD-6542F921B3AA}.Ad-Hoc|Any CPU.ActiveCfg = Release|Any CPU
		{F5559774-98CA-447C-B3CD-6542F921B3AA}.Ad-Hoc|Any CPU.Build.0 = Release|Any CPU
		{F5559774-98CA-447C-B3CD-6542F921B3AA}.Ad-Hoc|Any CPU.Deploy.0 = Release|Any CPU
		{F5559774-98CA-447C-B3CD-6542F921B3AA}.Ad-Hoc|iPhone.ActiveCfg = Release|Any CPU
		{F5559774-98CA-447C-B3CD-6542F921B3AA}.Ad-Hoc|iPhone.Build.0 = Release|Any CPU
		{F5559774-98CA-447C-B3CD-6542F921B3AA}.Ad-Hoc|iPhone.Deploy.0 = Release|Any CPU
		{F5559774-98CA-447C-B3CD-6542F921B3AA}.Ad-Hoc|iPhoneSimulator.ActiveCfg = Release|Any CPU
		{F5559774-98CA-447C-B3CD-6542F921B3AA}.Ad-Hoc|iPhoneSimulator.Build.0 = Release|Any CPU
		{F5559774-98CA-447C-B3CD-6542F921B3AA}.Ad-Hoc|iPhoneSimulator.Deploy.0 = Release|Any CPU
		{F5559774-98CA-447C-B3CD-6542F921B3AA}.AppStore|Any CPU.ActiveCfg = Release|Any CPU
		{F5559774-98CA-447C-B3CD-6542F921B3AA}.AppStore|Any CPU.Build.0 = Release|Any CPU
		{F5559774-98CA-447C-B3CD-6542F921B3AA}.AppStore|Any CPU.Deploy.0 = Release|Any CPU
		{F5559774-98CA-447C-B3CD-6542F921B3AA}.AppStore|iPhone.ActiveCfg = Release|Any CPU
		{F5559774-98CA-447C-B3CD-6542F921B3AA}.AppStore|iPhone.Build.0 = Release|Any CPU
		{F5559774-98CA-447C-B3CD-6542F921B3AA}.AppStore|iPhone.Deploy.0 = Release|Any CPU
		{F5559774-98CA-447C-B3CD-6542F921B3AA}.AppStore|iPhoneSimulator.ActiveCfg = Release|Any CPU
		{F5559774-98CA-447C-B3CD-6542F921B3AA}.AppStore|iPhoneSimulator.Build.0 = Release|Any CPU
		{F5559774-98CA-447C-B3CD-6542F921B3AA}.AppStore|iPhoneSimulator.Deploy.0 = Release|Any CPU
		{F5559774-98CA-447C-B3CD-6542F921B3AA}.Debug|Any CPU.ActiveCfg = Debug|Any CPU
		{F5559774-98CA-447C-B3CD-6542F921B3AA}.Debug|Any CPU.Build.0 = Debug|Any CPU
		{F5559774-98CA-447C-B3CD-6542F921B3AA}.Debug|Any CPU.Deploy.0 = Debug|Any CPU
		{F5559774-98CA-447C-B3CD-6542F921B3AA}.Debug|iPhone.ActiveCfg = Debug|Any CPU
		{F5559774-98CA-447C-B3CD-6542F921B3AA}.Debug|iPhone.Build.0 = Debug|Any CPU
		{F5559774-98CA-447C-B3CD-6542F921B3AA}.Debug|iPhone.Deploy.0 = Debug|Any CPU
		{F5559774-98CA-447C-B3CD-6542F921B3AA}.Debug|iPhoneSimulator.ActiveCfg = Debug|Any CPU
		{F5559774-98CA-447C-B3CD-6542F921B3AA}.Debug|iPhoneSimulator.Build.0 = Debug|Any CPU
		{F5559774-98CA-447C-B3CD-6542F921B3AA}.Debug|iPhoneSimulator.Deploy.0 = Debug|Any CPU
		{F5559774-98CA-447C-B3CD-6542F921B3AA}.Release|Any CPU.ActiveCfg = Release|Any CPU
		{F5559774-98CA-447C-B3CD-6542F921B3AA}.Release|Any CPU.Build.0 = Release|Any CPU
		{F5559774-98CA-447C-B3CD-6542F921B3AA}.Release|Any CPU.Deploy.0 = Release|Any CPU
		{F5559774-98CA-447C-B3CD-6542F921B3AA}.Release|iPhone.ActiveCfg = Release|Any CPU
		{F5559774-98CA-447C-B3CD-6542F921B3AA}.Release|iPhone.Build.0 = Release|Any CPU
		{F5559774-98CA-447C-B3CD-6542F921B3AA}.Release|iPhone.Deploy.0 = Release|Any CPU
		{F5559774-98CA-447C-B3CD-6542F921B3AA}.Release|iPhoneSimulator.ActiveCfg = Release|Any CPU
		{F5559774-98CA-447C-B3CD-6542F921B3AA}.Release|iPhoneSimulator.Build.0 = Release|Any CPU
		{F5559774-98CA-447C-B3CD-6542F921B3AA}.Release|iPhoneSimulator.Deploy.0 = Release|Any CPU
		{1C94CD81-1684-4DB8-8EDF-49869E4F7B08}.Ad-Hoc|Any CPU.ActiveCfg = Ad-Hoc|iPhone
		{1C94CD81-1684-4DB8-8EDF-49869E4F7B08}.Ad-Hoc|Any CPU.Build.0 = Ad-Hoc|iPhone
		{1C94CD81-1684-4DB8-8EDF-49869E4F7B08}.Ad-Hoc|Any CPU.Deploy.0 = Ad-Hoc|iPhone
		{1C94CD81-1684-4DB8-8EDF-49869E4F7B08}.Ad-Hoc|iPhone.ActiveCfg = Ad-Hoc|iPhone
		{1C94CD81-1684-4DB8-8EDF-49869E4F7B08}.Ad-Hoc|iPhone.Build.0 = Ad-Hoc|iPhone
		{1C94CD81-1684-4DB8-8EDF-49869E4F7B08}.Ad-Hoc|iPhone.Deploy.0 = Ad-Hoc|iPhone
		{1C94CD81-1684-4DB8-8EDF-49869E4F7B08}.Ad-Hoc|iPhoneSimulator.ActiveCfg = Ad-Hoc|iPhoneSimulator
		{1C94CD81-1684-4DB8-8EDF-49869E4F7B08}.Ad-Hoc|iPhoneSimulator.Build.0 = Ad-Hoc|iPhoneSimulator
		{1C94CD81-1684-4DB8-8EDF-49869E4F7B08}.Ad-Hoc|iPhoneSimulator.Deploy.0 = Ad-Hoc|iPhoneSimulator
		{1C94CD81-1684-4DB8-8EDF-49869E4F7B08}.AppStore|Any CPU.ActiveCfg = AppStore|iPhone
		{1C94CD81-1684-4DB8-8EDF-49869E4F7B08}.AppStore|Any CPU.Build.0 = AppStore|iPhone
		{1C94CD81-1684-4DB8-8EDF-49869E4F7B08}.AppStore|Any CPU.Deploy.0 = AppStore|iPhone
		{1C94CD81-1684-4DB8-8EDF-49869E4F7B08}.AppStore|iPhone.ActiveCfg = AppStore|iPhone
		{1C94CD81-1684-4DB8-8EDF-49869E4F7B08}.AppStore|iPhone.Build.0 = AppStore|iPhone
		{1C94CD81-1684-4DB8-8EDF-49869E4F7B08}.AppStore|iPhone.Deploy.0 = AppStore|iPhone
		{1C94CD81-1684-4DB8-8EDF-49869E4F7B08}.AppStore|iPhoneSimulator.ActiveCfg = AppStore|iPhoneSimulator
		{1C94CD81-1684-4DB8-8EDF-49869E4F7B08}.AppStore|iPhoneSimulator.Build.0 = AppStore|iPhoneSimulator
		{1C94CD81-1684-4DB8-8EDF-49869E4F7B08}.AppStore|iPhoneSimulator.Deploy.0 = AppStore|iPhoneSimulator
		{1C94CD81-1684-4DB8-8EDF-49869E4F7B08}.Debug|Any CPU.ActiveCfg = Debug|iPhoneSimulator
		{1C94CD81-1684-4DB8-8EDF-49869E4F7B08}.Debug|Any CPU.Build.0 = Debug|iPhoneSimulator
		{1C94CD81-1684-4DB8-8EDF-49869E4F7B08}.Debug|Any CPU.Deploy.0 = Debug|iPhoneSimulator
		{1C94CD81-1684-4DB8-8EDF-49869E4F7B08}.Debug|iPhone.ActiveCfg = Debug|iPhone
		{1C94CD81-1684-4DB8-8EDF-49869E4F7B08}.Debug|iPhone.Build.0 = Debug|iPhone
		{1C94CD81-1684-4DB8-8EDF-49869E4F7B08}.Debug|iPhone.Deploy.0 = Debug|iPhone
		{1C94CD81-1684-4DB8-8EDF-49869E4F7B08}.Debug|iPhoneSimulator.ActiveCfg = Debug|iPhoneSimulator
		{1C94CD81-1684-4DB8-8EDF-49869E4F7B08}.Debug|iPhoneSimulator.Build.0 = Debug|iPhoneSimulator
		{1C94CD81-1684-4DB8-8EDF-49869E4F7B08}.Debug|iPhoneSimulator.Deploy.0 = Debug|iPhoneSimulator
		{1C94CD81-1684-4DB8-8EDF-49869E4F7B08}.Release|Any CPU.ActiveCfg = Release|iPhone
		{1C94CD81-1684-4DB8-8EDF-49869E4F7B08}.Release|Any CPU.Build.0 = Release|iPhone
		{1C94CD81-1684-4DB8-8EDF-49869E4F7B08}.Release|Any CPU.Deploy.0 = Release|iPhone
		{1C94CD81-1684-4DB8-8EDF-49869E4F7B08}.Release|iPhone.ActiveCfg = Release|iPhone
		{1C94CD81-1684-4DB8-8EDF-49869E4F7B08}.Release|iPhone.Build.0 = Release|iPhone
		{1C94CD81-1684-4DB8-8EDF-49869E4F7B08}.Release|iPhone.Deploy.0 = Release|iPhone
		{1C94CD81-1684-4DB8-8EDF-49869E4F7B08}.Release|iPhoneSimulator.ActiveCfg = Release|iPhoneSimulator
		{1C94CD81-1684-4DB8-8EDF-49869E4F7B08}.Release|iPhoneSimulator.Build.0 = Release|iPhoneSimulator
		{1C94CD81-1684-4DB8-8EDF-49869E4F7B08}.Release|iPhoneSimulator.Deploy.0 = Release|iPhoneSimulator
		{9D242093-844D-4C5A-A9AD-DFE043271428}.Ad-Hoc|Any CPU.ActiveCfg = Debug|Any CPU
		{9D242093-844D-4C5A-A9AD-DFE043271428}.Ad-Hoc|Any CPU.Build.0 = Debug|Any CPU
		{9D242093-844D-4C5A-A9AD-DFE043271428}.Ad-Hoc|Any CPU.Deploy.0 = Debug|Any CPU
		{9D242093-844D-4C5A-A9AD-DFE043271428}.Ad-Hoc|iPhone.ActiveCfg = Debug|Any CPU
		{9D242093-844D-4C5A-A9AD-DFE043271428}.Ad-Hoc|iPhone.Build.0 = Debug|Any CPU
		{9D242093-844D-4C5A-A9AD-DFE043271428}.Ad-Hoc|iPhone.Deploy.0 = Debug|Any CPU
		{9D242093-844D-4C5A-A9AD-DFE043271428}.Ad-Hoc|iPhoneSimulator.ActiveCfg = Debug|Any CPU
		{9D242093-844D-4C5A-A9AD-DFE043271428}.Ad-Hoc|iPhoneSimulator.Build.0 = Debug|Any CPU
		{9D242093-844D-4C5A-A9AD-DFE043271428}.Ad-Hoc|iPhoneSimulator.Deploy.0 = Debug|Any CPU
		{9D242093-844D-4C5A-A9AD-DFE043271428}.AppStore|Any CPU.ActiveCfg = Debug|Any CPU
		{9D242093-844D-4C5A-A9AD-DFE043271428}.AppStore|Any CPU.Build.0 = Debug|Any CPU
		{9D242093-844D-4C5A-A9AD-DFE043271428}.AppStore|Any CPU.Deploy.0 = Debug|Any CPU
		{9D242093-844D-4C5A-A9AD-DFE043271428}.AppStore|iPhone.ActiveCfg = Debug|Any CPU
		{9D242093-844D-4C5A-A9AD-DFE043271428}.AppStore|iPhone.Build.0 = Debug|Any CPU
		{9D242093-844D-4C5A-A9AD-DFE043271428}.AppStore|iPhone.Deploy.0 = Debug|Any CPU
		{9D242093-844D-4C5A-A9AD-DFE043271428}.AppStore|iPhoneSimulator.ActiveCfg = Debug|Any CPU
		{9D242093-844D-4C5A-A9AD-DFE043271428}.AppStore|iPhoneSimulator.Build.0 = Debug|Any CPU
		{9D242093-844D-4C5A-A9AD-DFE043271428}.AppStore|iPhoneSimulator.Deploy.0 = Debug|Any CPU
		{9D242093-844D-4C5A-A9AD-DFE043271428}.Debug|Any CPU.ActiveCfg = Debug|Any CPU
		{9D242093-844D-4C5A-A9AD-DFE043271428}.Debug|Any CPU.Build.0 = Debug|Any CPU
		{9D242093-844D-4C5A-A9AD-DFE043271428}.Debug|Any CPU.Deploy.0 = Debug|Any CPU
		{9D242093-844D-4C5A-A9AD-DFE043271428}.Debug|iPhone.ActiveCfg = Debug|Any CPU
		{9D242093-844D-4C5A-A9AD-DFE043271428}.Debug|iPhone.Build.0 = Debug|Any CPU
		{9D242093-844D-4C5A-A9AD-DFE043271428}.Debug|iPhone.Deploy.0 = Debug|Any CPU
		{9D242093-844D-4C5A-A9AD-DFE043271428}.Debug|iPhoneSimulator.ActiveCfg = Debug|Any CPU
		{9D242093-844D-4C5A-A9AD-DFE043271428}.Debug|iPhoneSimulator.Build.0 = Debug|Any CPU
		{9D242093-844D-4C5A-A9AD-DFE043271428}.Debug|iPhoneSimulator.Deploy.0 = Debug|Any CPU
		{9D242093-844D-4C5A-A9AD-DFE043271428}.Release|Any CPU.ActiveCfg = Release|Any CPU
		{9D242093-844D-4C5A-A9AD-DFE043271428}.Release|Any CPU.Build.0 = Release|Any CPU
		{9D242093-844D-4C5A-A9AD-DFE043271428}.Release|Any CPU.Deploy.0 = Release|Any CPU
		{9D242093-844D-4C5A-A9AD-DFE043271428}.Release|iPhone.ActiveCfg = Release|Any CPU
		{9D242093-844D-4C5A-A9AD-DFE043271428}.Release|iPhone.Build.0 = Release|Any CPU
		{9D242093-844D-4C5A-A9AD-DFE043271428}.Release|iPhone.Deploy.0 = Release|Any CPU
		{9D242093-844D-4C5A-A9AD-DFE043271428}.Release|iPhoneSimulator.ActiveCfg = Release|Any CPU
		{9D242093-844D-4C5A-A9AD-DFE043271428}.Release|iPhoneSimulator.Build.0 = Release|Any CPU
		{9D242093-844D-4C5A-A9AD-DFE043271428}.Release|iPhoneSimulator.Deploy.0 = Release|Any CPU
	EndGlobalSection
	GlobalSection(SolutionProperties) = preSolution
		HideSolutionNode = FALSE
	EndGlobalSection
	GlobalSection(ExtensibilityGlobals) = postSolution
		SolutionGuid = {01830D93-0E86-43C8-9593-D6618D370666}
	EndGlobalSection
EndGlobal
